
Microsoft Visual Studio Solution File, Format Version 12.00
# Visual Studio Version 17
VisualStudioVersion = 17.5.2.0
MinimumVisualStudioVersion = 10.0.40219.1
Project("{9A19103F-16F7-4668-BE54-9A1E7A4F7556}") = "ModHearth", "ModHearth.csproj", "{1B753B6F-DA13-2163-C22F-29D0FFBBD4DF}"
EndProject
Project("{FAE04EC0-301F-11D3-BF4B-00C04F79EFBC}") = "ModHearth.App.Tests", "ModHearth.App.Tests\ModHearth.App.Tests.csproj", "{CEF97083-26D2-432B-AF4D-EE070027AF91}"
EndProject
Project("{9A19103F-16F7-4668-BE54-9A1E7A4F7556}") = "ModHearth.SteamWorker", "ModHearth.SteamWorker\ModHearth.SteamWorker.csproj", "{A1B2C3D4-E5F6-4A7B-8C9D-0E1F2A3B4C5D}"
EndProject
Global
	GlobalSection(SolutionConfigurationPlatforms) = preSolution
		Debug|Any CPU = Debug|Any CPU
		Release|Any CPU = Release|Any CPU
	EndGlobalSection
	GlobalSection(ProjectConfigurationPlatforms) = postSolution
		{1B753B6F-DA13-2163-C22F-29D0FFBBD4DF}.Debug|Any CPU.ActiveCfg = Debug|Any CPU
		{1B753B6F-DA13-2163-C22F-29D0FFBBD4DF}.Debug|Any CPU.Build.0 = Debug|Any CPU
		{1B753B6F-DA13-2163-C22F-29D0FFBBD4DF}.Release|Any CPU.ActiveCfg = Release|Any CPU
		{1B753B6F-DA13-2163-C22F-29D0FFBBD4DF}.Release|Any CPU.Build.0 = Release|Any CPU
		{CEF97083-26D2-432B-AF4D-EE070027AF91}.Debug|Any CPU.ActiveCfg = Debug|Any CPU
		{CEF97083-26D2-432B-AF4D-EE070027AF91}.Debug|Any CPU.Build.0 = Debug|Any CPU
		{CEF97083-26D2-432B-AF4D-EE070027AF91}.Release|Any CPU.ActiveCfg = Release|Any CPU
		{CEF97083-26D2-432B-AF4D-EE070027AF91}.Release|Any CPU.Build.0 = Release|Any CPU
		{A1B2C3D4-E5F6-4A7B-8C9D-0E1F2A3B4C5D}.Debug|Any CPU.ActiveCfg = Debug|Any CPU
		{A1B2C3D4-E5F6-4A7B-8C9D-0E1F2A3B4C5D}.Debug|Any CPU.Build.0 = Debug|Any CPU
		{A1B2C3D4-E5F6-4A7B-8C9D-0E1F2A3B4C5D}.Release|Any CPU.ActiveCfg = Release|Any CPU
		{A1B2C3D4-E5F6-4A7B-8C9D-0E1F2A3B4C5D}.Release|Any CPU.Build.0 = Release|Any CPU
	EndGlobalSection
	GlobalSection(SolutionProperties) = preSolution
		HideSolutionNode = FALSE
	EndGlobalSection
	GlobalSection(ExtensibilityGlobals) = postSolution
		SolutionGuid = {591B0D10-CD5A-4A31-9D7F-67667A523D2E}
	EndGlobalSection
EndGlobal
