Microsoft Visual Studio Solution File, Format Version 12.00
# Visual Studio Version 17
VisualStudioVersion = 17.5.2.0
MinimumVisualStudioVersion = 10.0.40219.1
Project("{FAE04EC0-301F-11D3-BF4B-00C04F79EFBC}") = "ModHearth", "ModHearth.csproj", "{1B753B6F-DA13-2163-C22F-29D0FFBBD4DF}"
EndProject
Global
	GlobalSection(SolutionConfigurationPlatforms) = preSolution
		Debug|Any CPU = Debug|Any CPU
		Release|Any CPU = Release|Any CPU
	EndGlobalSection
	GlobalSection(ProjectConfigurationPlatforms) = postSolution
		{1B753B6F-DA13-2163-C22F-29D0FFBBD4DF}.Debug|Any CPU.ActiveCfg = Debug|Any CPU
		{1B753B6F-DA13-2163-C22F-29D0FFBBD4DF}.Debug|Any CPU.Build.0 = Debug|Any CPU
		{1B753B6F-DA13-2163-C22F-29D0FFBBD4DF}.Release|Any CPU.ActiveCfg = Release|Any CPU
		{1B753B6F-DA13-2163-C22F-29D0FFBBD4DF}.Release|Any CPU.Build.0 = Release|Any CPU
	EndGlobalSection
	GlobalSection(SolutionProperties) = preSolution
		HideSolutionNode = FALSE
	EndGlobalSection
	GlobalSection(ExtensibilityGlobals) = postSolution
		SolutionGuid = {591B0D10-CD5A-4A31-9D7F-67667A523D2E}
	EndGlobalSection
EndGlobal
